
Microsoft Visual Studio Solution File, Format Version 12.00
# Visual Studio 15
VisualStudioVersion = 15.0.27703.2026
MinimumVisualStudioVersion = 10.0.40219.1
Project("{FAE04EC0-301F-11D3-BF4B-00C04F79EFBC}") = "RealTimeTranslationChat", "RealTimeTranslationChat\RealTimeTranslationChat.csproj", "{34E3CB25-00A3-4496-96AA-F7956987D23E}"
EndProject
Global
	GlobalSection(SolutionConfigurationPlatforms) = preSolution
		Debug|Any CPU = Debug|Any CPU
		Release|Any CPU = Release|Any CPU
	EndGlobalSection
	GlobalSection(ProjectConfigurationPlatforms) = postSolution
		{34E3CB25-00A3-4496-96AA-F7956987D23E}.Debug|Any CPU.ActiveCfg = Debug|Any CPU
		{34E3CB25-00A3-4496-96AA-F7956987D23E}.Debug|Any CPU.Build.0 = Debug|Any CPU
		{34E3CB25-00A3-4496-96AA-F7956987D23E}.Release|Any CPU.ActiveCfg = Release|Any CPU
		{34E3CB25-00A3-4496-96AA-F7956987D23E}.Release|Any CPU.Build.0 = Release|Any CPU
	EndGlobalSection
	GlobalSection(SolutionProperties) = preSolution
		HideSolutionNode = FALSE
	EndGlobalSection
	GlobalSection(ExtensibilityGlobals) = postSolution
		SolutionGuid = {545C827D-4747-4B40-A1F9-E09FFBC7CF14}
	EndGlobalSection
EndGlobal
